
Microsoft Visual Studio Solution File, Format Version 12.00
# Visual Studio Version 16
VisualStudioVersion = 16.0.31402.337
MinimumVisualStudioVersion = 10.0.40219.1
Project("{8BC9CEB8-8B4A-11D0-8D11-00A0C91BC942}") = "CursorMower", "CursorMower.vcxproj", "{90723437-BFD9-482F-BB77-22426979B6BA}"
EndProject
Global
	GlobalSection(SolutionConfigurationPlatforms) = preSolution
		Debug|x64 = Debug|x64
		Debug|x86 = Debug|x86
		MinSizeRelease|x64 = MinSizeRelease|x64
		MinSizeRelease|x86 = MinSizeRelease|x86
		Release|x64 = Release|x64
		Release|x86 = Release|x86
	EndGlobalSection
	GlobalSection(ProjectConfigurationPlatforms) = postSolution
		{90723437-BFD9-482F-BB77-22426979B6BA}.Debug|x64.ActiveCfg = Debug|x64
		{90723437-BFD9-482F-BB77-22426979B6BA}.Debug|x64.Build.0 = Debug|x64
		{90723437-BFD9-482F-BB77-22426979B6BA}.Debug|x86.ActiveCfg = Debug|Win32
		{90723437-BFD9-482F-BB77-22426979B6BA}.Debug|x86.Build.0 = Debug|Win32
		{90723437-BFD9-482F-BB77-22426979B6BA}.MinSizeRelease|x64.ActiveCfg = MinSizeRelease|x64
		{90723437-BFD9-482F-BB77-22426979B6BA}.MinSizeRelease|x64.Build.0 = MinSizeRelease|x64
		{90723437-BFD9-482F-BB77-22426979B6BA}.MinSizeRelease|x86.ActiveCfg = MinSizeRelease|Win32
		{90723437-BFD9-482F-BB77-22426979B6BA}.MinSizeRelease|x86.Build.0 = MinSizeRelease|Win32
		{90723437-BFD9-482F-BB77-22426979B6BA}.Release|x64.ActiveCfg = Release|x64
		{90723437-BFD9-482F-BB77-22426979B6BA}.Release|x64.Build.0 = Release|x64
		{90723437-BFD9-482F-BB77-22426979B6BA}.Release|x86.ActiveCfg = Release|Win32
		{90723437-BFD9-482F-BB77-22426979B6BA}.Release|x86.Build.0 = Release|Win32
	EndGlobalSection
	GlobalSection(SolutionProperties) = preSolution
		HideSolutionNode = FALSE
	EndGlobalSection
	GlobalSection(ExtensibilityGlobals) = postSolution
		SolutionGuid = {0DABC581-5420-40CC-8915-D98E9C270156}
	EndGlobalSection
EndGlobal
